{
  "name": "linq-message-audit",
  "version": "1.0.0",
  "lockfileVersion": 3,
  "requires": true,
  "packages": {
    "": {
      "name": "linq-message-audit",
      "version": "1.0.0",
      "dependencies": {
        "@linqapp/sdk": "^0.24.2"
      }
    },
    "node_modules/@linqapp/sdk": {
      "version": "0.24.2",
      "resolved": "https://registry.npmjs.org/@linqapp/sdk/-/sdk-0.24.2.tgz",
      "integrity": "sha512-gKY5m6wPXmEozK+AxAWN4oyjo8Gk6lPFE6eAfgYsfi72sA0qPyCxeZKqukkmTPCujA5VykWSLcb/HoNzyg3FoQ==",
      "license": "Apache-2.0"
    }
  }
}
